
Microsoft Visual Studio Solution File, Format Version 12.00
# Visual Studio 15
VisualStudioVersion = 15.0.27428.2015
MinimumVisualStudioVersion = 10.0.40219.1
Project("{FAE04EC0-301F-11D3-BF4B-00C04F79EFBC}") = "csharpguitar", "csharpguitar\csharpguitar.csproj", "{52115612-CF8D-467B-892F-05B89B0BD5A8}"
EndProject
Project("{2150E333-8FDC-42A3-9474-1A3956D46DE8}") = "Anonymous", "Anonymous", "{0360D8CD-C512-4589-86C7-609361F821C4}"
	ProjectSection(SolutionItems) = preProject
		Anonymous\AnonymousMethodDelegate.cs = Anonymous\AnonymousMethodDelegate.cs
	EndProjectSection
EndProject
Project("{2150E333-8FDC-42A3-9474-1A3956D46DE8}") = "GenericsList", "GenericsList", "{BEA717FC-218C-4412-B1BA-B897B176AF41}"
	ProjectSection(SolutionItems) = preProject
		GenericsList\GenericsList.cs = GenericsList\GenericsList.cs
	EndProjectSection
EndProject
Global
	GlobalSection(SolutionConfigurationPlatforms) = preSolution
		Debug|Any CPU = Debug|Any CPU
		Release|Any CPU = Release|Any CPU
	EndGlobalSection
	GlobalSection(ProjectConfigurationPlatforms) = postSolution
		{52115612-CF8D-467B-892F-05B89B0BD5A8}.Debug|Any CPU.ActiveCfg = Debug|Any CPU
		{52115612-CF8D-467B-892F-05B89B0BD5A8}.Debug|Any CPU.Build.0 = Debug|Any CPU
		{52115612-CF8D-467B-892F-05B89B0BD5A8}.Release|Any CPU.ActiveCfg = Release|Any CPU
		{52115612-CF8D-467B-892F-05B89B0BD5A8}.Release|Any CPU.Build.0 = Release|Any CPU
	EndGlobalSection
	GlobalSection(SolutionProperties) = preSolution
		HideSolutionNode = FALSE
	EndGlobalSection
	GlobalSection(ExtensibilityGlobals) = postSolution
		SolutionGuid = {9E46D5C1-1E6E-4866-87AE-D2DB42AF1EB5}
	EndGlobalSection
EndGlobal
