
Microsoft Visual Studio Solution File, Format Version 12.00
# Visual Studio 15
VisualStudioVersion = 15.0.27428.2015
MinimumVisualStudioVersion = 10.0.40219.1
Project("{FAE04EC0-301F-11D3-BF4B-00C04F79EFBC}") = "csharpguitar", "csharpguitar\csharpguitar.csproj", "{52115612-CF8D-467B-892F-05B89B0BD5A8}"
EndProject
Project("{2150E333-8FDC-42A3-9474-1A3956D46DE8}") = "Anonymous", "Anonymous", "{0360D8CD-C512-4589-86C7-609361F821C4}"
	ProjectSection(SolutionItems) = preProject
		Anonymous\AnonymousMethodDelegate.cs = Anonymous\AnonymousMethodDelegate.cs
	EndProjectSection
EndProject
Project("{2150E333-8FDC-42A3-9474-1A3956D46DE8}") = "GenericsList", "GenericsList", "{BEA717FC-218C-4412-B1BA-B897B176AF41}"
	ProjectSection(SolutionItems) = preProject
		GenericsList\GenericsList.cs = GenericsList\GenericsList.cs
	EndProjectSection
EndProject
Project("{2150E333-8FDC-42A3-9474-1A3956D46DE8}") = "LINQtoNHibernate", "LINQtoNHibernate", "{25F42EFF-679F-4E2F-8D04-F60A2242BBD3}"
	ProjectSection(SolutionItems) = preProject
		LINQtoNHibernate\Blogs.cs = LINQtoNHibernate\Blogs.cs
		LINQtoNHibernate\Blogs.hbm.xml = LINQtoNHibernate\Blogs.hbm.xml
		LINQtoNHibernate\Posts.cs = LINQtoNHibernate\Posts.cs
		LINQtoNHibernate\Posts.hbm.xml = LINQtoNHibernate\Posts.hbm.xml
		LINQtoNHibernate\Web.config = LINQtoNHibernate\Web.config
	EndProjectSection
EndProject
Project("{2150E333-8FDC-42A3-9474-1A3956D46DE8}") = "Controllers", "Controllers", "{A99286A5-2E90-4B73-9948-D5173552310C}"
	ProjectSection(SolutionItems) = preProject
		LINQtoNHibernate\Controllers\HomeController.cs = LINQtoNHibernate\Controllers\HomeController.cs
	EndProjectSection
EndProject
Project("{2150E333-8FDC-42A3-9474-1A3956D46DE8}") = "Views", "Views", "{6D8A2CB1-E6D1-47A5-A89F-F74FFD969264}"
EndProject
Project("{2150E333-8FDC-42A3-9474-1A3956D46DE8}") = "Home", "Home", "{109327C6-81F1-463F-9F70-7C9EF556D9DA}"
	ProjectSection(SolutionItems) = preProject
		LINQtoNHibernate\Views\Home\Index.aspx = LINQtoNHibernate\Views\Home\Index.aspx
	EndProjectSection
EndProject
Project("{2150E333-8FDC-42A3-9474-1A3956D46DE8}") = "ODPNET", "ODPNET", "{6C684A1B-3876-442B-8DA2-EE9830BA5526}"
	ProjectSection(SolutionItems) = preProject
		ODPNET\Program.cs = ODPNET\Program.cs
	EndProjectSection
EndProject
Project("{2150E333-8FDC-42A3-9474-1A3956D46DE8}") = "Arrays", "Arrays", "{86B20D9D-B562-4AF2-973C-B40404AD5B3E}"
	ProjectSection(SolutionItems) = preProject
		Arrays\arrays.cs = Arrays\arrays.cs
	EndProjectSection
EndProject
Project("{2150E333-8FDC-42A3-9474-1A3956D46DE8}") = "ListAddRange", "ListAddRange", "{E75FC2B3-0312-4B74-9081-6ED6CF054F6C}"
	ProjectSection(SolutionItems) = preProject
		ListAddRange\ListAddRange.cs = ListAddRange\ListAddRange.cs
	EndProjectSection
EndProject
Project("{2150E333-8FDC-42A3-9474-1A3956D46DE8}") = "LINQReflection", "LINQReflection", "{749A2B38-97AC-488E-A2ED-98326D4128FA}"
	ProjectSection(SolutionItems) = preProject
		LINQReflection\Program.cs = LINQReflection\Program.cs
	EndProjectSection
EndProject
Project("{2150E333-8FDC-42A3-9474-1A3956D46DE8}") = "SQLFormatter", "SQLFormatter", "{539ED4B2-2DF9-4931-95C1-F77EA340C973}"
	ProjectSection(SolutionItems) = preProject
		SQLFormatter\Default.aspx = SQLFormatter\Default.aspx
		SQLFormatter\Default.aspx.cs = SQLFormatter\Default.aspx.cs
	EndProjectSection
EndProject
Project("{2150E333-8FDC-42A3-9474-1A3956D46DE8}") = "Conditions", "Conditions", "{B86A34CF-B888-49AB-A1CE-F4C1E807B200}"
	ProjectSection(SolutionItems) = preProject
		Conditions\Conditions.cs = Conditions\Conditions.cs
	EndProjectSection
EndProject
Project("{2150E333-8FDC-42A3-9474-1A3956D46DE8}") = "SilverlightDataGrid", "SilverlightDataGrid", "{4A9A772A-6B1F-4045-9714-42472F34B62A}"
	ProjectSection(SolutionItems) = preProject
		SilverlightDataGrid\MainPage.xaml = SilverlightDataGrid\MainPage.xaml
		SilverlightDataGrid\MainPage.xaml.cs = SilverlightDataGrid\MainPage.xaml.cs
	EndProjectSection
EndProject
Global
	GlobalSection(SolutionConfigurationPlatforms) = preSolution
		Debug|Any CPU = Debug|Any CPU
		Release|Any CPU = Release|Any CPU
	EndGlobalSection
	GlobalSection(ProjectConfigurationPlatforms) = postSolution
		{52115612-CF8D-467B-892F-05B89B0BD5A8}.Debug|Any CPU.ActiveCfg = Debug|Any CPU
		{52115612-CF8D-467B-892F-05B89B0BD5A8}.Debug|Any CPU.Build.0 = Debug|Any CPU
		{52115612-CF8D-467B-892F-05B89B0BD5A8}.Release|Any CPU.ActiveCfg = Release|Any CPU
		{52115612-CF8D-467B-892F-05B89B0BD5A8}.Release|Any CPU.Build.0 = Release|Any CPU
	EndGlobalSection
	GlobalSection(SolutionProperties) = preSolution
		HideSolutionNode = FALSE
	EndGlobalSection
	GlobalSection(NestedProjects) = preSolution
		{A99286A5-2E90-4B73-9948-D5173552310C} = {25F42EFF-679F-4E2F-8D04-F60A2242BBD3}
		{6D8A2CB1-E6D1-47A5-A89F-F74FFD969264} = {25F42EFF-679F-4E2F-8D04-F60A2242BBD3}
		{109327C6-81F1-463F-9F70-7C9EF556D9DA} = {6D8A2CB1-E6D1-47A5-A89F-F74FFD969264}
	EndGlobalSection
	GlobalSection(ExtensibilityGlobals) = postSolution
		SolutionGuid = {9E46D5C1-1E6E-4866-87AE-D2DB42AF1EB5}
	EndGlobalSection
EndGlobal
